
Microsoft Visual Studio Solution File, Format Version 12.00
Project("{FAE04EC0-301F-11D3-BF4B-00C04F79EFBC}") = "LXGaming.Common", "LXGaming.Common\LXGaming.Common.csproj", "{C7511DE0-99E4-46F0-AC16-38907043BB1A}"
EndProject
Project("{FAE04EC0-301F-11D3-BF4B-00C04F79EFBC}") = "LXGaming.Common.Hosting", "LXGaming.Common.Hosting\LXGaming.Common.Hosting.csproj", "{4162A10B-6D6D-41B5-8A9C-33E6F3438791}"
EndProject
Project("{FAE04EC0-301F-11D3-BF4B-00C04F79EFBC}") = "LXGaming.Common.Serilog", "LXGaming.Common.Serilog\LXGaming.Common.Serilog.csproj", "{3C2974C2-59A3-4F90-B2E2-18A63829850E}"
EndProject
Project("{FAE04EC0-301F-11D3-BF4B-00C04F79EFBC}") = "LXGaming.Common.Newtonsoft", "LXGaming.Common.Newtonsoft\LXGaming.Common.Newtonsoft.csproj", "{C579DD61-CB1D-4328-9FAA-8D2D2CFEB0F7}"
EndProject
Global
	GlobalSection(SolutionConfigurationPlatforms) = preSolution
		Debug|Any CPU = Debug|Any CPU
		Release|Any CPU = Release|Any CPU
	EndGlobalSection
	GlobalSection(ProjectConfigurationPlatforms) = postSolution
		{C7511DE0-99E4-46F0-AC16-38907043BB1A}.Debug|Any CPU.ActiveCfg = Debug|Any CPU
		{C7511DE0-99E4-46F0-AC16-38907043BB1A}.Debug|Any CPU.Build.0 = Debug|Any CPU
		{C7511DE0-99E4-46F0-AC16-38907043BB1A}.Release|Any CPU.ActiveCfg = Release|Any CPU
		{C7511DE0-99E4-46F0-AC16-38907043BB1A}.Release|Any CPU.Build.0 = Release|Any CPU
		{4162A10B-6D6D-41B5-8A9C-33E6F3438791}.Debug|Any CPU.ActiveCfg = Debug|Any CPU
		{4162A10B-6D6D-41B5-8A9C-33E6F3438791}.Debug|Any CPU.Build.0 = Debug|Any CPU
		{4162A10B-6D6D-41B5-8A9C-33E6F3438791}.Release|Any CPU.ActiveCfg = Release|Any CPU
		{4162A10B-6D6D-41B5-8A9C-33E6F3438791}.Release|Any CPU.Build.0 = Release|Any CPU
		{3C2974C2-59A3-4F90-B2E2-18A63829850E}.Debug|Any CPU.ActiveCfg = Debug|Any CPU
		{3C2974C2-59A3-4F90-B2E2-18A63829850E}.Debug|Any CPU.Build.0 = Debug|Any CPU
		{3C2974C2-59A3-4F90-B2E2-18A63829850E}.Release|Any CPU.ActiveCfg = Release|Any CPU
		{3C2974C2-59A3-4F90-B2E2-18A63829850E}.Release|Any CPU.Build.0 = Release|Any CPU
		{C579DD61-CB1D-4328-9FAA-8D2D2CFEB0F7}.Debug|Any CPU.ActiveCfg = Debug|Any CPU
		{C579DD61-CB1D-4328-9FAA-8D2D2CFEB0F7}.Debug|Any CPU.Build.0 = Debug|Any CPU
		{C579DD61-CB1D-4328-9FAA-8D2D2CFEB0F7}.Release|Any CPU.ActiveCfg = Release|Any CPU
		{C579DD61-CB1D-4328-9FAA-8D2D2CFEB0F7}.Release|Any CPU.Build.0 = Release|Any CPU
	EndGlobalSection
EndGlobal
